
Microsoft Visual Studio Solution File, Format Version 12.00
# Visual Studio Version 17
VisualStudioVersion = 17.14.36603.0 d17.14
MinimumVisualStudioVersion = 10.0.40219.1
Project("{FAE04EC0-301F-11D3-BF4B-00C04F79EFBC}") = "ShoppingApp.Presentation", "ShoppingApp.Presentation\ShoppingApp.Presentation.csproj", "{FC628339-F971-491E-A32C-F828121EBBED}"
EndProject
Project("{2150E333-8FDC-42A3-9474-1A3956D46DE8}") = "src", "src", "{02EA681E-C7D8-13C7-8484-4AC65E1B71E8}"
EndProject
Project("{FAE04EC0-301F-11D3-BF4B-00C04F79EFBC}") = "ShoppingApp.Domain", "ShoppingApp.Domain\ShoppingApp.Domain.csproj", "{8EB5099F-D046-4930-97CA-FA42E73881F6}"
EndProject
Project("{FAE04EC0-301F-11D3-BF4B-00C04F79EFBC}") = "ShoppingApp.Application", "ShoppingApp.Application\ShoppingApp.Application.csproj", "{03CC8282-8489-4984-BB5A-42A263C2CF6B}"
EndProject
Project("{FAE04EC0-301F-11D3-BF4B-00C04F79EFBC}") = "ShoppingApp.Infrastructure", "ShoppingApp.Infrastructure\ShoppingApp.Infrastructure.csproj", "{541DEEBD-5696-4DCD-A71A-E036A36DA16F}"
EndProject
Global
	GlobalSection(SolutionConfigurationPlatforms) = preSolution
		Debug|Any CPU = Debug|Any CPU
		Release|Any CPU = Release|Any CPU
	EndGlobalSection
	GlobalSection(ProjectConfigurationPlatforms) = postSolution
		{FC628339-F971-491E-A32C-F828121EBBED}.Debug|Any CPU.ActiveCfg = Debug|Any CPU
		{FC628339-F971-491E-A32C-F828121EBBED}.Debug|Any CPU.Build.0 = Debug|Any CPU
		{FC628339-F971-491E-A32C-F828121EBBED}.Release|Any CPU.ActiveCfg = Release|Any CPU
		{FC628339-F971-491E-A32C-F828121EBBED}.Release|Any CPU.Build.0 = Release|Any CPU
		{8EB5099F-D046-4930-97CA-FA42E73881F6}.Debug|Any CPU.ActiveCfg = Debug|Any CPU
		{8EB5099F-D046-4930-97CA-FA42E73881F6}.Debug|Any CPU.Build.0 = Debug|Any CPU
		{8EB5099F-D046-4930-97CA-FA42E73881F6}.Release|Any CPU.ActiveCfg = Release|Any CPU
		{8EB5099F-D046-4930-97CA-FA42E73881F6}.Release|Any CPU.Build.0 = Release|Any CPU
		{03CC8282-8489-4984-BB5A-42A263C2CF6B}.Debug|Any CPU.ActiveCfg = Debug|Any CPU
		{03CC8282-8489-4984-BB5A-42A263C2CF6B}.Debug|Any CPU.Build.0 = Debug|Any CPU
		{03CC8282-8489-4984-BB5A-42A263C2CF6B}.Release|Any CPU.ActiveCfg = Release|Any CPU
		{03CC8282-8489-4984-BB5A-42A263C2CF6B}.Release|Any CPU.Build.0 = Release|Any CPU
		{541DEEBD-5696-4DCD-A71A-E036A36DA16F}.Debug|Any CPU.ActiveCfg = Debug|Any CPU
		{541DEEBD-5696-4DCD-A71A-E036A36DA16F}.Debug|Any CPU.Build.0 = Debug|Any CPU
		{541DEEBD-5696-4DCD-A71A-E036A36DA16F}.Release|Any CPU.ActiveCfg = Release|Any CPU
		{541DEEBD-5696-4DCD-A71A-E036A36DA16F}.Release|Any CPU.Build.0 = Release|Any CPU
	EndGlobalSection
	GlobalSection(SolutionProperties) = preSolution
		HideSolutionNode = FALSE
	EndGlobalSection
	GlobalSection(NestedProjects) = preSolution
		{FC628339-F971-491E-A32C-F828121EBBED} = {02EA681E-C7D8-13C7-8484-4AC65E1B71E8}
		{8EB5099F-D046-4930-97CA-FA42E73881F6} = {02EA681E-C7D8-13C7-8484-4AC65E1B71E8}
		{03CC8282-8489-4984-BB5A-42A263C2CF6B} = {02EA681E-C7D8-13C7-8484-4AC65E1B71E8}
		{541DEEBD-5696-4DCD-A71A-E036A36DA16F} = {02EA681E-C7D8-13C7-8484-4AC65E1B71E8}
	EndGlobalSection
	GlobalSection(ExtensibilityGlobals) = postSolution
		SolutionGuid = {77490EE0-0F71-4AE1-A4C5-D4F1469339EE}
	EndGlobalSection
EndGlobal
